
Microsoft Visual Studio Solution File, Format Version 12.00
# Visual Studio Version 17
VisualStudioVersion = 17.7.34031.279
MinimumVisualStudioVersion = 10.0.40219.1
Project("{FAE04EC0-301F-11D3-BF4B-00C04F79EFBC}") = "DataAccess", "DataAccess\DataAccess.csproj", "{819DF4C3-26A8-4B6A-AACB-4FD068DE1DA3}"
EndProject
Project("{FAE04EC0-301F-11D3-BF4B-00C04F79EFBC}") = "Business", "Business\Business.csproj", "{60726641-BE92-4E51-A184-B561CCAD902A}"
EndProject
Project("{FAE04EC0-301F-11D3-BF4B-00C04F79EFBC}") = "Entities", "Entities\Entities.csproj", "{8D7008B1-67D1-40C8-8473-90D72CC49424}"
EndProject
Project("{FAE04EC0-301F-11D3-BF4B-00C04F79EFBC}") = "ConsoleUI", "ConsoleUI\ConsoleUI.csproj", "{69EB5936-EE06-4EAB-A9EA-0D267B82B7DE}"
EndProject
Global
	GlobalSection(SolutionConfigurationPlatforms) = preSolution
		Debug|Any CPU = Debug|Any CPU
		Release|Any CPU = Release|Any CPU
	EndGlobalSection
	GlobalSection(ProjectConfigurationPlatforms) = postSolution
		{819DF4C3-26A8-4B6A-AACB-4FD068DE1DA3}.Debug|Any CPU.ActiveCfg = Debug|Any CPU
		{819DF4C3-26A8-4B6A-AACB-4FD068DE1DA3}.Debug|Any CPU.Build.0 = Debug|Any CPU
		{819DF4C3-26A8-4B6A-AACB-4FD068DE1DA3}.Release|Any CPU.ActiveCfg = Release|Any CPU
		{819DF4C3-26A8-4B6A-AACB-4FD068DE1DA3}.Release|Any CPU.Build.0 = Release|Any CPU
		{60726641-BE92-4E51-A184-B561CCAD902A}.Debug|Any CPU.ActiveCfg = Debug|Any CPU
		{60726641-BE92-4E51-A184-B561CCAD902A}.Debug|Any CPU.Build.0 = Debug|Any CPU
		{60726641-BE92-4E51-A184-B561CCAD902A}.Release|Any CPU.ActiveCfg = Release|Any CPU
		{60726641-BE92-4E51-A184-B561CCAD902A}.Release|Any CPU.Build.0 = Release|Any CPU
		{8D7008B1-67D1-40C8-8473-90D72CC49424}.Debug|Any CPU.ActiveCfg = Debug|Any CPU
		{8D7008B1-67D1-40C8-8473-90D72CC49424}.Debug|Any CPU.Build.0 = Debug|Any CPU
		{8D7008B1-67D1-40C8-8473-90D72CC49424}.Release|Any CPU.ActiveCfg = Release|Any CPU
		{8D7008B1-67D1-40C8-8473-90D72CC49424}.Release|Any CPU.Build.0 = Release|Any CPU
		{69EB5936-EE06-4EAB-A9EA-0D267B82B7DE}.Debug|Any CPU.ActiveCfg = Debug|Any CPU
		{69EB5936-EE06-4EAB-A9EA-0D267B82B7DE}.Debug|Any CPU.Build.0 = Debug|Any CPU
		{69EB5936-EE06-4EAB-A9EA-0D267B82B7DE}.Release|Any CPU.ActiveCfg = Release|Any CPU
		{69EB5936-EE06-4EAB-A9EA-0D267B82B7DE}.Release|Any CPU.Build.0 = Release|Any CPU
	EndGlobalSection
	GlobalSection(SolutionProperties) = preSolution
		HideSolutionNode = FALSE
	EndGlobalSection
	GlobalSection(ExtensibilityGlobals) = postSolution
		SolutionGuid = {0D5B7779-8B16-473C-AB00-AF5BA0C0D39C}
	EndGlobalSection
EndGlobal
